
Microsoft Visual Studio Solution File, Format Version 12.00
# Visual Studio Version 17
VisualStudioVersion = 17.7.34202.233
MinimumVisualStudioVersion = 10.0.40219.1
Project("{FAE04EC0-301F-11D3-BF4B-00C04F79EFBC}") = "exercicio 10", "exercicio 10\exercicio 10.csproj", "{E00DAFAF-00C3-4D97-B8B5-04FA6F3A882E}"
EndProject
Global
	GlobalSection(SolutionConfigurationPlatforms) = preSolution
		Debug|Any CPU = Debug|Any CPU
		Release|Any CPU = Release|Any CPU
	EndGlobalSection
	GlobalSection(ProjectConfigurationPlatforms) = postSolution
		{E00DAFAF-00C3-4D97-B8B5-04FA6F3A882E}.Debug|Any CPU.ActiveCfg = Debug|Any CPU
		{E00DAFAF-00C3-4D97-B8B5-04FA6F3A882E}.Debug|Any CPU.Build.0 = Debug|Any CPU
		{E00DAFAF-00C3-4D97-B8B5-04FA6F3A882E}.Release|Any CPU.ActiveCfg = Release|Any CPU
		{E00DAFAF-00C3-4D97-B8B5-04FA6F3A882E}.Release|Any CPU.Build.0 = Release|Any CPU
	EndGlobalSection
	GlobalSection(SolutionProperties) = preSolution
		HideSolutionNode = FALSE
	EndGlobalSection
	GlobalSection(ExtensibilityGlobals) = postSolution
		SolutionGuid = {85ACB15F-CF44-425A-B76E-EA7DBDA19350}
	EndGlobalSection
EndGlobal
